
Microsoft Visual Studio Solution File, Format Version 12.00
# Visual Studio Version 16
VisualStudioVersion = 16.0.33927.289
MinimumVisualStudioVersion = 10.0.40219.1
Project("{FAE04EC0-301F-11D3-BF4B-00C04F79EFBC}") = "Back-UniversoDicta", "Back-UniversoDicta.csproj", "{4542B2CB-790D-413D-BA77-DE788366766E}"
EndProject
Project("{FAE04EC0-301F-11D3-BF4B-00C04F79EFBC}") = "Back-UniversoDicta.Tests", "..\Back-UniversoDicta.Tests\Back-UniversoDicta.Tests.csproj", "{7B2793E2-C4DF-4F9E-BBF4-EA440AF13125}"
EndProject
Global
	GlobalSection(SolutionConfigurationPlatforms) = preSolution
		Debug|Any CPU = Debug|Any CPU
		Release|Any CPU = Release|Any CPU
	EndGlobalSection
	GlobalSection(ProjectConfigurationPlatforms) = postSolution
		{4542B2CB-790D-413D-BA77-DE788366766E}.Debug|Any CPU.ActiveCfg = Debug|Any CPU
		{4542B2CB-790D-413D-BA77-DE788366766E}.Debug|Any CPU.Build.0 = Debug|Any CPU
		{4542B2CB-790D-413D-BA77-DE788366766E}.Release|Any CPU.ActiveCfg = Release|Any CPU
		{4542B2CB-790D-413D-BA77-DE788366766E}.Release|Any CPU.Build.0 = Release|Any CPU
		{7B2793E2-C4DF-4F9E-BBF4-EA440AF13125}.Debug|Any CPU.ActiveCfg = Debug|Any CPU
		{7B2793E2-C4DF-4F9E-BBF4-EA440AF13125}.Debug|Any CPU.Build.0 = Debug|Any CPU
		{7B2793E2-C4DF-4F9E-BBF4-EA440AF13125}.Release|Any CPU.ActiveCfg = Release|Any CPU
		{7B2793E2-C4DF-4F9E-BBF4-EA440AF13125}.Release|Any CPU.Build.0 = Release|Any CPU
	EndGlobalSection
	GlobalSection(SolutionProperties) = preSolution
		HideSolutionNode = FALSE
	EndGlobalSection
	GlobalSection(ExtensibilityGlobals) = postSolution
		SolutionGuid = {D5538973-F49D-4CED-B98D-4B9819903C5D}
	EndGlobalSection
EndGlobal
